
Microsoft Visual Studio Solution File, Format Version 12.00
# Visual Studio 15
VisualStudioVersion = 15.0.27703.2000
MinimumVisualStudioVersion = 10.0.40219.1
Project("{9A19103F-16F7-4668-BE54-9A1E7A4F7556}") = "NetUtils.MemoryCache", "src\NetUtils.MemoryCache\NetUtils.MemoryCache.csproj", "{4E20858A-5828-4338-8180-49C794401353}"
EndProject
Project("{9A19103F-16F7-4668-BE54-9A1E7A4F7556}") = "NetUtils.MemoryCache.Tests", "test\NetUtils.MemoryCache.Tests\NetUtils.MemoryCache.Tests.csproj", "{698B604D-D73F-4D39-85F0-63B427436E5E}"
EndProject
Project("{2150E333-8FDC-42A3-9474-1A3956D46DE8}") = "miscs", "miscs", "{0B07E233-0D8A-4F01-A950-1BD19134D007}"
	ProjectSection(SolutionItems) = preProject
		.editorconfig = .editorconfig
		.gitignore = .gitignore
		appveyor.yml = appveyor.yml
		Directory.Build.props = Directory.Build.props
		LICENSE = LICENSE
		README.md = README.md
	EndProjectSection
EndProject
Global
	GlobalSection(SolutionConfigurationPlatforms) = preSolution
		Debug|Any CPU = Debug|Any CPU
		Release|Any CPU = Release|Any CPU
	EndGlobalSection
	GlobalSection(ProjectConfigurationPlatforms) = postSolution
		{4E20858A-5828-4338-8180-49C794401353}.Debug|Any CPU.ActiveCfg = Debug|Any CPU
		{4E20858A-5828-4338-8180-49C794401353}.Debug|Any CPU.Build.0 = Debug|Any CPU
		{4E20858A-5828-4338-8180-49C794401353}.Release|Any CPU.ActiveCfg = Release|Any CPU
		{4E20858A-5828-4338-8180-49C794401353}.Release|Any CPU.Build.0 = Release|Any CPU
		{698B604D-D73F-4D39-85F0-63B427436E5E}.Debug|Any CPU.ActiveCfg = Debug|Any CPU
		{698B604D-D73F-4D39-85F0-63B427436E5E}.Debug|Any CPU.Build.0 = Debug|Any CPU
		{698B604D-D73F-4D39-85F0-63B427436E5E}.Release|Any CPU.ActiveCfg = Release|Any CPU
		{698B604D-D73F-4D39-85F0-63B427436E5E}.Release|Any CPU.Build.0 = Release|Any CPU
	EndGlobalSection
	GlobalSection(SolutionProperties) = preSolution
		HideSolutionNode = FALSE
	EndGlobalSection
	GlobalSection(ExtensibilityGlobals) = postSolution
		SolutionGuid = {745F1B65-6F27-48C8-BC46-77F69C2E7953}
	EndGlobalSection
EndGlobal
